// !$*UTF8*$!
{
	archiveVersion = 1;
	classes = {
	};
	objectVersion = 46;
	objects = {

/* Begin PBXBuildFile section */
		C0D2A3761E976A6700C6D57E /* main.m in Sources */ = {isa = PBXBuildFile; fileRef = C0D2A3751E976A6700C6D57E /* main.m */; };
		C0D2A37E1E976B5100C6D57E /* MYPerson.m in Sources */ = {isa = PBXBuildFile; fileRef = C0D2A37D1E976B5100C6D57E /* MYPerson.m */; };
		C0D2A3811E976B7200C6D57E /* MYStudent.m in Sources */ = {isa = PBXBuildFile; fileRef = C0D2A3801E976B7200C6D57E /* MYStudent.m */; };
		C0D2A3841E976C0200C6D57E /* MYDog.m in Sources */ = {isa = PBXBuildFile; fileRef = C0D2A3831E976C0200C6D57E /* MYDog.m */; };
/* End PBXBuildFile section */

/* Begin PBXCopyFilesBuildPhase section */
		C0D2A3701E976A6700C6D57E /* CopyFiles */ = {
			isa = PBXCopyFilesBuildPhase;
			buildActionMask = 2147483647;
			dstPath = /usr/share/man/man1/;
			dstSubfolderSpec = 0;
			files = (
			);
			runOnlyForDeploymentPostprocessing = 1;
		};
/* End PBXCopyFilesBuildPhase section */

/* Begin PBXFileReference section */
		C0D2A3721E976A6700C6D57E /* 15.2 单例singleton模式 */ = {isa = PBXFileReference; explicitFileType = "compiled.mach-o.executable"; includeInIndex = 0; path = "15.2 单例singleton模式"; sourceTree = BUILT_PRODUCTS_DIR; };
		C0D2A3751E976A6700C6D57E /* main.m */ = {isa = PBXFileReference; lastKnownFileType = sourcecode.c.objc; path = main.m; sourceTree = "<group>"; };
		C0D2A37C1E976B5100C6D57E /* MYPerson.h */ = {isa = PBXFileReference; fileEncoding = 4; lastKnownFileType = sourcecode.c.h; path = MYPerson.h; sourceTree = "<group>"; };
		C0D2A37D1E976B5100C6D57E /* MYPerson.m */ = {isa = PBXFileReference; fileEncoding = 4; lastKnownFileType = sourcecode.c.objc; path = MYPerson.m; sourceTree = "<group>"; };
		C0D2A37F1E976B7200C6D57E /* MYStudent.h */ = {isa = PBXFileReference; fileEncoding = 4; lastKnownFileType = sourcecode.c.h; path = MYStudent.h; sourceTree = "<group>"; };
		C0D2A3801E976B7200C6D57E /* MYStudent.m */ = {isa = PBXFileReference; fileEncoding = 4; lastKnownFileType = sourcecode.c.objc; path = MYStudent.m; sourceTree = "<group>"; };
		C0D2A3821E976C0200C6D57E /* MYDog.h */ = {isa = PBXFileReference; fileEncoding = 4; lastKnownFileType = sourcecode.c.h; path = MYDog.h; sourceTree = "<group>"; };
		C0D2A3831E976C0200C6D57E /* MYDog.m */ = {isa = PBXFileReference; fileEncoding = 4; lastKnownFileType = sourcecode.c.objc; path = MYDog.m; sourceTree = "<group>"; };
/* End PBXFileReference section */

/* Begin PBXFrameworksBuildPhase section */
		C0D2A36F1E976A6700C6D57E /* Frameworks */ = {
			isa = PBXFrameworksBuildPhase;
			buildActionMask = 2147483647;
			files = (
			);
			runOnlyForDeploymentPostprocessing = 0;
		};
/* End PBXFrameworksBuildPhase section */

/* Begin PBXGroup section */
		C0D2A3691E976A6700C6D57E = {
			isa = PBXGroup;
			children = (
				C0D2A3741E976A6700C6D57E /* 15.2 单例singleton模式 */,
				C0D2A3731E976A6700C6D57E /* Products */,
			);
			sourceTree = "<group>";
		};
		C0D2A3731E976A6700C6D57E /* Products */ = {
			isa = PBXGroup;
			children = (
				C0D2A3721E976A6700C6D57E /* 15.2 单例singleton模式 */,
			);
			name = Products;
			sourceTree = "<group>";
		};
		C0D2A3741E976A6700C6D57E /* 15.2 单例singleton模式 */ = {
			isa = PBXGroup;
			children = (
				C0D2A3751E976A6700C6D57E /* main.m */,
				C0D2A37C1E976B5100C6D57E /* MYPerson.h */,
				C0D2A37D1E976B5100C6D57E /* MYPerson.m */,
				C0D2A37F1E976B7200C6D57E /* MYStudent.h */,
				C0D2A3801E976B7200C6D57E /* MYStudent.m */,
				C0D2A3821E976C0200C6D57E /* MYDog.h */,
				C0D2A3831E976C0200C6D57E /* MYDog.m */,
			);
			path = "15.2 单例singleton模式";
			sourceTree = "<group>";
		};
/* End PBXGroup section */

/* Begin PBXNativeTarget section */
		C0D2A3711E976A6700C6D57E /* 15.2 单例singleton模式 */ = {
			isa = PBXNativeTarget;
			buildConfigurationList = C0D2A3791E976A6700C6D57E /* Build configuration list for PBXNativeTarget "15.2 单例singleton模式" */;
			buildPhases = (
				C0D2A36E1E976A6700C6D57E /* Sources */,
				C0D2A36F1E976A6700C6D57E /* Frameworks */,
				C0D2A3701E976A6700C6D57E /* CopyFiles */,
			);
			buildRules = (
			);
			dependencies = (
			);
			name = "15.2 单例singleton模式";
			productName = "15.2 单例singleton模式";
			productReference = C0D2A3721E976A6700C6D57E /* 15.2 单例singleton模式 */;
			productType = "com.apple.product-type.tool";
		};
/* End PBXNativeTarget section */

/* Begin PBXProject section */
		C0D2A36A1E976A6700C6D57E /* Project object */ = {
			isa = PBXProject;
			attributes = {
				LastUpgradeCheck = 0830;
				ORGANIZATIONNAME = Liz;
				TargetAttributes = {
					C0D2A3711E976A6700C6D57E = {
						CreatedOnToolsVersion = 8.3.1;
						ProvisioningStyle = Automatic;
					};
				};
			};
			buildConfigurationList = C0D2A36D1E976A6700C6D57E /* Build configuration list for PBXProject "15.2 单例singleton模式" */;
			compatibilityVersion = "Xcode 3.2";
			developmentRegion = English;
			hasScannedForEncodings = 0;
			knownRegions = (
				en,
			);
			mainGroup = C0D2A3691E976A6700C6D57E;
			productRefGroup = C0D2A3731E976A6700C6D57E /* Products */;
			projectDirPath = "";
			projectRoot = "";
			targets = (
				C0D2A3711E976A6700C6D57E /* 15.2 单例singleton模式 */,
			);
		};
/* End PBXProject section */

/* Begin PBXSourcesBuildPhase section */
		C0D2A36E1E976A6700C6D57E /* Sources */ = {
			isa = PBXSourcesBuildPhase;
			buildActionMask = 2147483647;
			files = (
				C0D2A3811E976B7200C6D57E /* MYStudent.m in Sources */,
				C0D2A37E1E976B5100C6D57E /* MYPerson.m in Sources */,
				C0D2A3841E976C0200C6D57E /* MYDog.m in Sources */,
				C0D2A3761E976A6700C6D57E /* main.m in Sources */,
			);
			runOnlyForDeploymentPostprocessing = 0;
		};
/* End PBXSourcesBuildPhase section */

/* Begin XCBuildConfiguration section */
		C0D2A3771E976A6700C6D57E /* Debug */ = {
			isa = XCBuildConfiguration;
			buildSettings = {
				ALWAYS_SEARCH_USER_PATHS = NO;
				CLANG_ANALYZER_NONNULL = YES;
				CLANG_ANALYZER_NUMBER_OBJECT_CONVERSION = YES_AGGRESSIVE;
				CLANG_CXX_LANGUAGE_STANDARD = "gnu++0x";
				CLANG_CXX_LIBRARY = "libc++";
				CLANG_ENABLE_MODULES = YES;
				CLANG_ENABLE_OBJC_ARC = YES;
				CLANG_WARN_BOOL_CONVERSION = YES;
				CLANG_WARN_CONSTANT_CONVERSION = YES;
				CLANG_WARN_DIRECT_OBJC_ISA_USAGE = YES_ERROR;
				CLANG_WARN_DOCUMENTATION_COMMENTS = YES;
				CLANG_WARN_EMPTY_BODY = YES;
				CLANG_WARN_ENUM_CONVERSION = YES;
				CLANG_WARN_INFINITE_RECURSION = YES;
				CLANG_WARN_INT_CONVERSION = YES;
				CLANG_WARN_OBJC_ROOT_CLASS = YES_ERROR;
				CLANG_WARN_SUSPICIOUS_MOVE = YES;
				CLANG_WARN_UNREACHABLE_CODE = YES;
				CLANG_WARN__DUPLICATE_METHOD_MATCH = YES;
				CODE_SIGN_IDENTITY = "-";
				COPY_PHASE_STRIP = NO;
				DEBUG_INFORMATION_FORMAT = dwarf;
				ENABLE_STRICT_OBJC_MSGSEND = YES;
				ENABLE_TESTABILITY = YES;
				GCC_C_LANGUAGE_STANDARD = gnu99;
				GCC_DYNAMIC_NO_PIC = NO;
				GCC_NO_COMMON_BLOCKS = YES;
				GCC_OPTIMIZATION_LEVEL = 0;
				GCC_PREPROCESSOR_DEFINITIONS = (
					"DEBUG=1",
					"$(inherited)",
				);
				GCC_WARN_64_TO_32_BIT_CONVERSION = YES;
				GCC_WARN_ABOUT_RETURN_TYPE = YES_ERROR;
				GCC_WARN_UNDECLARED_SELECTOR = YES;
				GCC_WARN_UNINITIALIZED_AUTOS = YES_AGGRESSIVE;
				GCC_WARN_UNUSED_FUNCTION = YES;
				GCC_WARN_UNUSED_VARIABLE = YES;
				MACOSX_DEPLOYMENT_TARGET = 10.12;
				MTL_ENABLE_DEBUG_INFO = YES;
				ONLY_ACTIVE_ARCH = YES;
				SDKROOT = macosx;
			};
			name = Debug;
		};
		C0D2A3781E976A6700C6D57E /* Release */ = {
			isa = XCBuildConfiguration;
			buildSettings = {
				ALWAYS_SEARCH_USER_PATHS = NO;
				CLANG_ANALYZER_NONNULL = YES;
				CLANG_ANALYZER_NUMBER_OBJECT_CONVERSION = YES_AGGRESSIVE;
				CLANG_CXX_LANGUAGE_STANDARD = "gnu++0x";
				CLANG_CXX_LIBRARY = "libc++";
				CLANG_ENABLE_MODULES = YES;
				CLANG_ENABLE_OBJC_ARC = YES;
				CLANG_WARN_BOOL_CONVERSION = YES;
				CLANG_WARN_CONSTANT_CONVERSION = YES;
				CLANG_WARN_DIRECT_OBJC_ISA_USAGE = YES_ERROR;
				CLANG_WARN_DOCUMENTATION_COMMENTS = YES;
				CLANG_WARN_EMPTY_BODY = YES;
				CLANG_WARN_ENUM_CONVERSION = YES;
				CLANG_WARN_INFINITE_RECURSION = YES;
				CLANG_WARN_INT_CONVERSION = YES;
				CLANG_WARN_OBJC_ROOT_CLASS = YES_ERROR;
				CLANG_WARN_SUSPICIOUS_MOVE = YES;
				CLANG_WARN_UNREACHABLE_CODE = YES;
				CLANG_WARN__DUPLICATE_METHOD_MATCH = YES;
				CODE_SIGN_IDENTITY = "-";
				COPY_PHASE_STRIP = NO;
				DEBUG_INFORMATION_FORMAT = "dwarf-with-dsym";
				ENABLE_NS_ASSERTIONS = NO;
				ENABLE_STRICT_OBJC_MSGSEND = YES;
				GCC_C_LANGUAGE_STANDARD = gnu99;
				GCC_NO_COMMON_BLOCKS = YES;
				GCC_WARN_64_TO_32_BIT_CONVERSION = YES;
				GCC_WARN_ABOUT_RETURN_TYPE = YES_ERROR;
				GCC_WARN_UNDECLARED_SELECTOR = YES;
				GCC_WARN_UNINITIALIZED_AUTOS = YES_AGGRESSIVE;
				GCC_WARN_UNUSED_FUNCTION = YES;
				GCC_WARN_UNUSED_VARIABLE = YES;
				MACOSX_DEPLOYMENT_TARGET = 10.12;
				MTL_ENABLE_DEBUG_INFO = NO;
				SDKROOT = macosx;
			};
			name = Release;
		};
		C0D2A37A1E976A6700C6D57E /* Debug */ = {
			isa = XCBuildConfiguration;
			buildSettings = {
				PRODUCT_NAME = "$(TARGET_NAME)";
			};
			name = Debug;
		};
		C0D2A37B1E976A6700C6D57E /* Release */ = {
			isa = XCBuildConfiguration;
			buildSettings = {
				PRODUCT_NAME = "$(TARGET_NAME)";
			};
			name = Release;
		};
/* End XCBuildConfiguration section */

/* Begin XCConfigurationList section */
		C0D2A36D1E976A6700C6D57E /* Build configuration list for PBXProject "15.2 单例singleton模式" */ = {
			isa = XCConfigurationList;
			buildConfigurations = (
				C0D2A3771E976A6700C6D57E /* Debug */,
				C0D2A3781E976A6700C6D57E /* Release */,
			);
			defaultConfigurationIsVisible = 0;
			defaultConfigurationName = Release;
		};
		C0D2A3791E976A6700C6D57E /* Build configuration list for PBXNativeTarget "15.2 单例singleton模式" */ = {
			isa = XCConfigurationList;
			buildConfigurations = (
				C0D2A37A1E976A6700C6D57E /* Debug */,
				C0D2A37B1E976A6700C6D57E /* Release */,
			);
			defaultConfigurationIsVisible = 0;
		};
/* End XCConfigurationList section */
	};
	rootObject = C0D2A36A1E976A6700C6D57E /* Project object */;
}
